
Microsoft Visual Studio Solution File, Format Version 12.00
# Visual Studio Version 17
VisualStudioVersion = 17.9.34607.119
MinimumVisualStudioVersion = 10.0.40219.1
Project("{8BC9CEB8-8B4A-11D0-8D11-00A0C91BC942}") = "Ajedrez", "Ajedrez\Ajedrez.vcxproj", "{28250C68-5F7C-4EC0-9E0E-8102DC17A49D}"
EndProject
Global
	GlobalSection(SolutionConfigurationPlatforms) = preSolution
		Debug|x64 = Debug|x64
		Debug|x86 = Debug|x86
		Release|x64 = Release|x64
		Release|x86 = Release|x86
	EndGlobalSection
	GlobalSection(ProjectConfigurationPlatforms) = postSolution
		{28250C68-5F7C-4EC0-9E0E-8102DC17A49D}.Debug|x64.ActiveCfg = Debug|x64
		{28250C68-5F7C-4EC0-9E0E-8102DC17A49D}.Debug|x64.Build.0 = Debug|x64
		{28250C68-5F7C-4EC0-9E0E-8102DC17A49D}.Debug|x86.ActiveCfg = Debug|Win32
		{28250C68-5F7C-4EC0-9E0E-8102DC17A49D}.Debug|x86.Build.0 = Debug|Win32
		{28250C68-5F7C-4EC0-9E0E-8102DC17A49D}.Release|x64.ActiveCfg = Release|x64
		{28250C68-5F7C-4EC0-9E0E-8102DC17A49D}.Release|x64.Build.0 = Release|x64
		{28250C68-5F7C-4EC0-9E0E-8102DC17A49D}.Release|x86.ActiveCfg = Release|Win32
		{28250C68-5F7C-4EC0-9E0E-8102DC17A49D}.Release|x86.Build.0 = Release|Win32
	EndGlobalSection
	GlobalSection(SolutionProperties) = preSolution
		HideSolutionNode = FALSE
	EndGlobalSection
	GlobalSection(ExtensibilityGlobals) = postSolution
		SolutionGuid = {A78EEFE4-EA3A-4E5F-AC6E-C68A73E6EEED}
	EndGlobalSection
EndGlobal
